<Solution>
  <Project Path="KiddoCare.Web/KiddoCare.Web.csproj" />
  <Project Path="KiddoCare.Common/KiddoCare.Common.csproj" />
  <Project Path="KiddoCare.Data.Models/KiddoCare.Data.Models.csproj" />
  <Project Path="KiddoCare.Data/KiddoCare.Data.csproj" />
  <Project Path="KiddoCare.ViewModels/KiddoCare.ViewModels.csproj" />
  <Project Path="KiddoCare.Services.Core/KiddoCare.Services.Core.csproj" />
  <Project Path="KiddoCare.Tests/KiddoCare.Tests.csproj" />
</Solution>
